
Microsoft Visual Studio Solution File, Format Version 12.00
# Visual Studio 15
VisualStudioVersion = 15.0.27004.2002
MinimumVisualStudioVersion = 10.0.40219.1
Project("{FAE04EC0-301F-11D3-BF4B-00C04F79EFBC}") = "EcoWise", "EcoWise\EcoWise.csproj", "{119142DF-244A-4410-8171-F71B94AC35FB}"
EndProject
Global
	GlobalSection(SolutionConfigurationPlatforms) = preSolution
		Debug|Any CPU = Debug|Any CPU
		Release|Any CPU = Release|Any CPU
	EndGlobalSection
	GlobalSection(ProjectConfigurationPlatforms) = postSolution
		{119142DF-244A-4410-8171-F71B94AC35FB}.Debug|Any CPU.ActiveCfg = Debug|Any CPU
		{119142DF-244A-4410-8171-F71B94AC35FB}.Debug|Any CPU.Build.0 = Debug|Any CPU
		{119142DF-244A-4410-8171-F71B94AC35FB}.Release|Any CPU.ActiveCfg = Release|Any CPU
		{119142DF-244A-4410-8171-F71B94AC35FB}.Release|Any CPU.Build.0 = Release|Any CPU
	EndGlobalSection
	GlobalSection(SolutionProperties) = preSolution
		HideSolutionNode = FALSE
	EndGlobalSection
	GlobalSection(ExtensibilityGlobals) = postSolution
		SolutionGuid = {48A6C998-487A-4940-943C-BEAA50B30DDC}
	EndGlobalSection
EndGlobal
